
Microsoft Visual Studio Solution File, Format Version 12.00
# Visual Studio Version 17
VisualStudioVersion = 17.7.34202.233
MinimumVisualStudioVersion = 10.0.40219.1
Project("{9A19103F-16F7-4668-BE54-9A1E7A4F7556}") = "Tarot", "Tarot\Tarot.csproj", "{DFABF131-5114-48A3-A7EC-CC87387DEAE6}"
EndProject
Global
	GlobalSection(SolutionConfigurationPlatforms) = preSolution
		Debug|Any CPU = Debug|Any CPU
		Release|Any CPU = Release|Any CPU
	EndGlobalSection
	GlobalSection(ProjectConfigurationPlatforms) = postSolution
		{DFABF131-5114-48A3-A7EC-CC87387DEAE6}.Debug|Any CPU.ActiveCfg = Debug|Any CPU
		{DFABF131-5114-48A3-A7EC-CC87387DEAE6}.Debug|Any CPU.Build.0 = Debug|Any CPU
		{DFABF131-5114-48A3-A7EC-CC87387DEAE6}.Release|Any CPU.ActiveCfg = Release|Any CPU
		{DFABF131-5114-48A3-A7EC-CC87387DEAE6}.Release|Any CPU.Build.0 = Release|Any CPU
	EndGlobalSection
	GlobalSection(SolutionProperties) = preSolution
		HideSolutionNode = FALSE
	EndGlobalSection
	GlobalSection(ExtensibilityGlobals) = postSolution
		SolutionGuid = {0FCED028-448B-4EFA-9FA7-67B0ED8BC9C6}
	EndGlobalSection
EndGlobal
